
Microsoft Visual Studio Solution File, Format Version 12.00
# Visual Studio Version 17
VisualStudioVersion = 17.8.34330.188
MinimumVisualStudioVersion = 10.0.40219.1
Project("{FAE04EC0-301F-11D3-BF4B-00C04F79EFBC}") = "Custom.Sitecore.Processor", "Custom.Sitecore.Processor.csproj", "{77F04E30-7A62-4F02-B34B-5D3B09D8D915}"
EndProject
Global
	GlobalSection(SolutionConfigurationPlatforms) = preSolution
		Debug|Any CPU = Debug|Any CPU
		Release|Any CPU = Release|Any CPU
	EndGlobalSection
	GlobalSection(ProjectConfigurationPlatforms) = postSolution
		{77F04E30-7A62-4F02-B34B-5D3B09D8D915}.Debug|Any CPU.ActiveCfg = Debug|Any CPU
		{77F04E30-7A62-4F02-B34B-5D3B09D8D915}.Debug|Any CPU.Build.0 = Debug|Any CPU
		{77F04E30-7A62-4F02-B34B-5D3B09D8D915}.Release|Any CPU.ActiveCfg = Release|Any CPU
		{77F04E30-7A62-4F02-B34B-5D3B09D8D915}.Release|Any CPU.Build.0 = Release|Any CPU
	EndGlobalSection
	GlobalSection(SolutionProperties) = preSolution
		HideSolutionNode = FALSE
	EndGlobalSection
	GlobalSection(ExtensibilityGlobals) = postSolution
		SolutionGuid = {DB333629-FCDA-45AF-B9E5-5D85DC07636C}
	EndGlobalSection
EndGlobal
